{
  "name": "user-folders",
  "version": "0.0.1",
  "lockfileVersion": 1,
  "requires": true,
  "dependencies": {
    "win-shell-folders": {
      "version": "0.0.4",
      "resolved": "https://registry.npmjs.org/win-shell-folders/-/win-shell-folders-0.0.4.tgz",
      "integrity": "sha512-9uG9PJyGyiQ8RrwYlPgbXPFNrKj9LarSm+Ej78NMbJxvJod60ff7mCWZ8E/DXBLLrH/4XUaodGQceVHar6DZXA==",
      "requires": {
        "winreg": "^1.2.4"
      }
    },
    "winreg": {
      "version": "1.2.4",
      "resolved": "https://registry.npmjs.org/winreg/-/winreg-1.2.4.tgz",
      "integrity": "sha1-ugZWKbepJRMOFXeRCM9UCZDpjRs="
    },
    "xdg-user-dir": {
      "version": "0.0.1",
      "resolved": "https://registry.npmjs.org/xdg-user-dir/-/xdg-user-dir-0.0.1.tgz",
      "integrity": "sha512-uE1Gx0MIehJTCHiaS8ku7r7CWX3PzxFazhYfvF6FJRi2u3elUid60Yr+p9wVJr9rX4A81HtBg282ndgXn9Sp7w=="
    }
  }
}
